
Microsoft Visual Studio Solution File, Format Version 12.00
# Visual Studio Version 17
VisualStudioVersion = 17.0.31919.166
MinimumVisualStudioVersion = 10.0.40219.1
Project("{FAE04EC0-301F-11D3-BF4B-00C04F79EFBC}") = "DCS-DTC-Mission-Planning-Software", "DCS-DTC-Mission-Planning-Software.csproj", "{1EE30005-7739-4AAF-BB00-3D97AC2A4778}"
EndProject
Global
	GlobalSection(SolutionConfigurationPlatforms) = preSolution
		Debug|Any CPU = Debug|Any CPU
		Release|Any CPU = Release|Any CPU
	EndGlobalSection
	GlobalSection(ProjectConfigurationPlatforms) = postSolution
		{1EE30005-7739-4AAF-BB00-3D97AC2A4778}.Debug|Any CPU.ActiveCfg = Debug|Any CPU
		{1EE30005-7739-4AAF-BB00-3D97AC2A4778}.Debug|Any CPU.Build.0 = Debug|Any CPU
		{1EE30005-7739-4AAF-BB00-3D97AC2A4778}.Release|Any CPU.ActiveCfg = Release|Any CPU
		{1EE30005-7739-4AAF-BB00-3D97AC2A4778}.Release|Any CPU.Build.0 = Release|Any CPU
	EndGlobalSection
	GlobalSection(SolutionProperties) = preSolution
		HideSolutionNode = FALSE
	EndGlobalSection
	GlobalSection(ExtensibilityGlobals) = postSolution
		SolutionGuid = {377CC97E-627D-4146-B511-941E575D5403}
	EndGlobalSection
EndGlobal
